
Microsoft Visual Studio Solution File, Format Version 12.00
# Visual Studio Version 17
VisualStudioVersion = 17.7.34031.279
MinimumVisualStudioVersion = 10.0.40219.1
Project("{9A19103F-16F7-4668-BE54-9A1E7A4F7556}") = "Order.API", "Order.API\Order.API.csproj", "{CDBEA154-01FA-45E6-97F6-F662912CC5BD}"
EndProject
Project("{9A19103F-16F7-4668-BE54-9A1E7A4F7556}") = "Shared", "Shared\Shared.csproj", "{837D6121-8931-4B71-8354-C37B0E763365}"
EndProject
Project("{9A19103F-16F7-4668-BE54-9A1E7A4F7556}") = "Stock.API", "Stock.API\Stock.API.csproj", "{A1F3725A-C958-4381-A653-3C69EB9D0994}"
EndProject
Project("{FAE04EC0-301F-11D3-BF4B-00C04F79EFBC}") = "Payment.API", "Payment.API\Payment.API.csproj", "{36CC0743-FC59-437E-BE27-50D1D8C1279C}"
EndProject
Global
	GlobalSection(SolutionConfigurationPlatforms) = preSolution
		Debug|Any CPU = Debug|Any CPU
		Release|Any CPU = Release|Any CPU
	EndGlobalSection
	GlobalSection(ProjectConfigurationPlatforms) = postSolution
		{CDBEA154-01FA-45E6-97F6-F662912CC5BD}.Debug|Any CPU.ActiveCfg = Debug|Any CPU
		{CDBEA154-01FA-45E6-97F6-F662912CC5BD}.Debug|Any CPU.Build.0 = Debug|Any CPU
		{CDBEA154-01FA-45E6-97F6-F662912CC5BD}.Release|Any CPU.ActiveCfg = Release|Any CPU
		{CDBEA154-01FA-45E6-97F6-F662912CC5BD}.Release|Any CPU.Build.0 = Release|Any CPU
		{837D6121-8931-4B71-8354-C37B0E763365}.Debug|Any CPU.ActiveCfg = Debug|Any CPU
		{837D6121-8931-4B71-8354-C37B0E763365}.Debug|Any CPU.Build.0 = Debug|Any CPU
		{837D6121-8931-4B71-8354-C37B0E763365}.Release|Any CPU.ActiveCfg = Release|Any CPU
		{837D6121-8931-4B71-8354-C37B0E763365}.Release|Any CPU.Build.0 = Release|Any CPU
		{A1F3725A-C958-4381-A653-3C69EB9D0994}.Debug|Any CPU.ActiveCfg = Debug|Any CPU
		{A1F3725A-C958-4381-A653-3C69EB9D0994}.Debug|Any CPU.Build.0 = Debug|Any CPU
		{A1F3725A-C958-4381-A653-3C69EB9D0994}.Release|Any CPU.ActiveCfg = Release|Any CPU
		{A1F3725A-C958-4381-A653-3C69EB9D0994}.Release|Any CPU.Build.0 = Release|Any CPU
		{36CC0743-FC59-437E-BE27-50D1D8C1279C}.Debug|Any CPU.ActiveCfg = Debug|Any CPU
		{36CC0743-FC59-437E-BE27-50D1D8C1279C}.Debug|Any CPU.Build.0 = Debug|Any CPU
		{36CC0743-FC59-437E-BE27-50D1D8C1279C}.Release|Any CPU.ActiveCfg = Release|Any CPU
		{36CC0743-FC59-437E-BE27-50D1D8C1279C}.Release|Any CPU.Build.0 = Release|Any CPU
	EndGlobalSection
	GlobalSection(SolutionProperties) = preSolution
		HideSolutionNode = FALSE
	EndGlobalSection
	GlobalSection(ExtensibilityGlobals) = postSolution
		SolutionGuid = {4A8416AD-7211-4DFA-B789-A8CC2A9C118A}
	EndGlobalSection
EndGlobal
